# This file is automatically @generated by Cargo.
# It is not intended for manual editing.
version = 4

[[package]]
name = "geo-api"
version = "0.1.0"
dependencies = [
 "geo-backend-local",
 "geo-core",
]

[[package]]
name = "geo-backend-elastic"
version = "0.1.0"
dependencies = [
 "geo-core",
]

[[package]]
name = "geo-backend-local"
version = "0.1.0"
dependencies = [
 "geo-core",
]

[[package]]
name = "geo-backend-manticore"
version = "0.1.0"
dependencies = [
 "geo-core",
]

[[package]]
name = "geo-core"
version = "0.1.0"

[[package]]
name = "geo-ingest"
version = "0.1.0"
dependencies = [
 "geo-backend-local",
 "geo-core",
]
